dependencies:
  78/esp-opus:
    component_hash: 8182b733f071d7bfe1e837f4c9f8649a63e4c937177f089e65772880c02f2e17
    dependencies:
    - name: idf
      require: private
      version: '>=5.0'
    source:
      registry_url: https://components.espressif.com/
      type: service
    version: 1.0.5
  espressif/cmake_utilities:
    component_hash: 351350613ceafba240b761b4ea991e0f231ac7a9f59a9ee901f751bddc0bb18f
    dependencies:
    - name: idf
      require: private
      version: '>=4.1'
    source:
      registry_url: https://components.espressif.com
      type: service
    version: 0.5.3
  espressif/esp_cam_sensor:
    component_hash: db5b1c725799dced61e7b100dc027e1e59558c9973d7e1ed8ce42a5ec89da31c
    dependencies:
    - name: espressif/cmake_utilities
      registry_url: https://components.espressif.com
      require: private
      version: 0.*
    - name: espressif/esp_sccb_intf
      registry_url: https://components.espressif.com
      require: private
      version: '>=0.0.5'
    - name: idf
      require: private
      version: '>=5.3'
    source:
      registry_url: https://components.espressif.com/
      type: service
    targets:
    - esp32p4
    - esp32s3
    - esp32c3
    - esp32c5
    - esp32c6
    - esp32c61
    version: 1.7.0
  espressif/esp_image_effects:
    component_hash: a9a9a18173dc338f94559e61ebbfc1aeff5ebb2f7703e7e3d2431c5bb3450fe6
    dependencies:
    - name: idf
      require: private
      version: '>=5.0'
    source:
      registry_url: https://components.espressif.com/
      type: service
    version: 1.1.0
  espressif/esp_new_jpeg:
    component_hash: e6af208a875abd0ecfc0213d3751a11b504b463ebde6930f24096047925fa5c1
    dependencies: []
    source:
      registry_url: https://components.espressif.com/
      type: service
    targets:
    - esp32
    - esp32s2
    - esp32s3
    - esp32p4
    - esp32c2
    - esp32c3
    - esp32c5
    - esp32c6
    version: 0.6.1
  espressif/esp_sccb_intf:
    component_hash: c071b189e49f40940722aea01a5489f873385cc39cd5b14012341135b85d1a9d
    dependencies:
    - name: idf
      require: private
      version: '>=5.3'
    source:
      registry_url: https://components.espressif.com
      type: service
    version: 0.0.8
  idf:
    source:
      type: idf
    version: 5.5.3
  lierda-iot/esp_lora_driver:
    component_hash: 19b26b89529bc67754cbb300f56c570eb550aad000c20c13cfdb41165262cd1b
    dependencies:
    - name: idf
      require: private
      version: '>=5.0'
    source:
      registry_url: https://components-staging.espressif.com
      type: service
    version: 0.0.7
  lvgl/lvgl:
    component_hash: d7c1ac037ae6e85d94897f807d6e7ba0946a83e720074fc95a4f6241da9f9f53
    dependencies: []
    source:
      registry_url: https://components.espressif.com/
      type: service
    version: 8.4.0
direct_dependencies:
- 78/esp-opus
- espressif/esp_cam_sensor
- espressif/esp_image_effects
- espressif/esp_new_jpeg
- idf
- lierda-iot/esp_lora_driver
- lvgl/lvgl
manifest_hash: 6aa6a99cf8ec9dcc00d5e9c432ee319ec8ca9e9eda7c4ec3da36fa259b3fc4f9
target: esp32s3
version: 2.0.0
